
Microsoft Visual Studio Solution File, Format Version 12.00
# Visual Studio Version 16
VisualStudioVersion = 16.0.30804.86
MinimumVisualStudioVersion = 10.0.40219.1
Project("{FAE04EC0-301F-11D3-BF4B-00C04F79EFBC}") = "MessengerService", "MessengerService\MessengerService.csproj", "{BB8B0CDC-F5A7-490F-A11B-523059BA545A}"
EndProject
Project("{FAE04EC0-301F-11D3-BF4B-00C04F79EFBC}") = "MessengerServiceTests", "MessengerServiceTests\MessengerServiceTests.csproj", "{06E2BE09-9348-4BE0-9CF3-AF2BA321EAA4}"
EndProject
Global
	GlobalSection(SolutionConfigurationPlatforms) = preSolution
		Debug|Any CPU = Debug|Any CPU
		Release|Any CPU = Release|Any CPU
	EndGlobalSection
	GlobalSection(ProjectConfigurationPlatforms) = postSolution
		{BB8B0CDC-F5A7-490F-A11B-523059BA545A}.Debug|Any CPU.ActiveCfg = Debug|Any CPU
		{BB8B0CDC-F5A7-490F-A11B-523059BA545A}.Debug|Any CPU.Build.0 = Debug|Any CPU
		{BB8B0CDC-F5A7-490F-A11B-523059BA545A}.Release|Any CPU.ActiveCfg = Release|Any CPU
		{BB8B0CDC-F5A7-490F-A11B-523059BA545A}.Release|Any CPU.Build.0 = Release|Any CPU
		{06E2BE09-9348-4BE0-9CF3-AF2BA321EAA4}.Debug|Any CPU.ActiveCfg = Debug|Any CPU
		{06E2BE09-9348-4BE0-9CF3-AF2BA321EAA4}.Debug|Any CPU.Build.0 = Debug|Any CPU
		{06E2BE09-9348-4BE0-9CF3-AF2BA321EAA4}.Release|Any CPU.ActiveCfg = Release|Any CPU
		{06E2BE09-9348-4BE0-9CF3-AF2BA321EAA4}.Release|Any CPU.Build.0 = Release|Any CPU
	EndGlobalSection
	GlobalSection(SolutionProperties) = preSolution
		HideSolutionNode = FALSE
	EndGlobalSection
	GlobalSection(ExtensibilityGlobals) = postSolution
		SolutionGuid = {FE30C91F-8CBD-41F4-A1B2-B2D4F57E57D2}
	EndGlobalSection
EndGlobal
